
Microsoft Visual Studio Solution File, Format Version 12.00
# Visual Studio Version 17
VisualStudioVersion = 17.10.34928.147
MinimumVisualStudioVersion = 10.0.40219.1
Project("{FAE04EC0-301F-11D3-BF4B-00C04F79EFBC}") = "EvaluacionTecnica", "EvaluacionTecnica\EvaluacionTecnica.csproj", "{028A4C18-9448-45EA-A5B2-B04A00AF2009}"
EndProject
Global
	GlobalSection(SolutionConfigurationPlatforms) = preSolution
		Debug|Any CPU = Debug|Any CPU
		Release|Any CPU = Release|Any CPU
	EndGlobalSection
	GlobalSection(ProjectConfigurationPlatforms) = postSolution
		{028A4C18-9448-45EA-A5B2-B04A00AF2009}.Debug|Any CPU.ActiveCfg = Debug|Any CPU
		{028A4C18-9448-45EA-A5B2-B04A00AF2009}.Debug|Any CPU.Build.0 = Debug|Any CPU
		{028A4C18-9448-45EA-A5B2-B04A00AF2009}.Release|Any CPU.ActiveCfg = Release|Any CPU
		{028A4C18-9448-45EA-A5B2-B04A00AF2009}.Release|Any CPU.Build.0 = Release|Any CPU
	EndGlobalSection
	GlobalSection(SolutionProperties) = preSolution
		HideSolutionNode = FALSE
	EndGlobalSection
	GlobalSection(ExtensibilityGlobals) = postSolution
		SolutionGuid = {0981A385-E61F-447A-8BBA-AB6E002193B5}
	EndGlobalSection
EndGlobal
